
Microsoft Visual Studio Solution File, Format Version 12.00
# Visual Studio Version 17
VisualStudioVersion = 17.4.33403.182
MinimumVisualStudioVersion = 10.0.40219.1
Project("{FAE04EC0-301F-11D3-BF4B-00C04F79EFBC}") = "exercise", "exercise\exercise.csproj", "{97AFA709-B0DB-4703-8D24-63F09633B062}"
EndProject
Global
	GlobalSection(SolutionConfigurationPlatforms) = preSolution
		Debug|Any CPU = Debug|Any CPU
		Release|Any CPU = Release|Any CPU
	EndGlobalSection
	GlobalSection(ProjectConfigurationPlatforms) = postSolution
		{97AFA709-B0DB-4703-8D24-63F09633B062}.Debug|Any CPU.ActiveCfg = Debug|Any CPU
		{97AFA709-B0DB-4703-8D24-63F09633B062}.Debug|Any CPU.Build.0 = Debug|Any CPU
		{97AFA709-B0DB-4703-8D24-63F09633B062}.Release|Any CPU.ActiveCfg = Release|Any CPU
		{97AFA709-B0DB-4703-8D24-63F09633B062}.Release|Any CPU.Build.0 = Release|Any CPU
	EndGlobalSection
	GlobalSection(SolutionProperties) = preSolution
		HideSolutionNode = FALSE
	EndGlobalSection
	GlobalSection(ExtensibilityGlobals) = postSolution
		SolutionGuid = {2F3AA14B-D9BE-44E0-928A-0D1A2E894DA3}
	EndGlobalSection
EndGlobal
